
Microsoft Visual Studio Solution File, Format Version 12.00
# Visual Studio Version 16
VisualStudioVersion = 16.0.32126.315
MinimumVisualStudioVersion = 10.0.40219.1
Project("{FAE04EC0-301F-11D3-BF4B-00C04F79EFBC}") = "ClassAssignment285", "ClassAssignment285\ClassAssignment285.csproj", "{C6C10CB3-65C0-45CA-8858-E32C6E2A5340}"
EndProject
Global
	GlobalSection(SolutionConfigurationPlatforms) = preSolution
		Debug|Any CPU = Debug|Any CPU
		Release|Any CPU = Release|Any CPU
	EndGlobalSection
	GlobalSection(ProjectConfigurationPlatforms) = postSolution
		{C6C10CB3-65C0-45CA-8858-E32C6E2A5340}.Debug|Any CPU.ActiveCfg = Debug|Any CPU
		{C6C10CB3-65C0-45CA-8858-E32C6E2A5340}.Debug|Any CPU.Build.0 = Debug|Any CPU
		{C6C10CB3-65C0-45CA-8858-E32C6E2A5340}.Release|Any CPU.ActiveCfg = Release|Any CPU
		{C6C10CB3-65C0-45CA-8858-E32C6E2A5340}.Release|Any CPU.Build.0 = Release|Any CPU
	EndGlobalSection
	GlobalSection(SolutionProperties) = preSolution
		HideSolutionNode = FALSE
	EndGlobalSection
	GlobalSection(ExtensibilityGlobals) = postSolution
		SolutionGuid = {C25075B6-877D-452F-A620-D6D42BD12708}
	EndGlobalSection
EndGlobal
