
Microsoft Visual Studio Solution File, Format Version 12.00
# Visual Studio Version 16
VisualStudioVersion = 16.0.32126.315
MinimumVisualStudioVersion = 10.0.40219.1
Project("{F184B08F-C81C-45F6-A57F-5ABD9991F28F}") = "MVCIntro", "MVCIntro\MVCIntro.vbproj", "{824AA3DE-DC88-4302-8F6C-304053535656}"
EndProject
Global
	GlobalSection(SolutionConfigurationPlatforms) = preSolution
		Debug|Any CPU = Debug|Any CPU
		Release|Any CPU = Release|Any CPU
	EndGlobalSection
	GlobalSection(ProjectConfigurationPlatforms) = postSolution
		{824AA3DE-DC88-4302-8F6C-304053535656}.Debug|Any CPU.ActiveCfg = Debug|Any CPU
		{824AA3DE-DC88-4302-8F6C-304053535656}.Debug|Any CPU.Build.0 = Debug|Any CPU
		{824AA3DE-DC88-4302-8F6C-304053535656}.Release|Any CPU.ActiveCfg = Release|Any CPU
		{824AA3DE-DC88-4302-8F6C-304053535656}.Release|Any CPU.Build.0 = Release|Any CPU
	EndGlobalSection
	GlobalSection(SolutionProperties) = preSolution
		HideSolutionNode = FALSE
	EndGlobalSection
	GlobalSection(ExtensibilityGlobals) = postSolution
		SolutionGuid = {3CA09EA4-F657-434B-BF23-A2DB973870F7}
	EndGlobalSection
EndGlobal
