
Microsoft Visual Studio Solution File, Format Version 12.00
# Visual Studio Version 16
VisualStudioVersion = 16.0.32126.315
MinimumVisualStudioVersion = 10.0.40219.1
Project("{FAE04EC0-301F-11D3-BF4B-00C04F79EFBC}") = "StrAndInts", "StrAndInts\StrAndInts.csproj", "{DF6FEB97-8FEF-4B8D-ACEE-EFA6DED77FD2}"
EndProject
Global
	GlobalSection(SolutionConfigurationPlatforms) = preSolution
		Debug|Any CPU = Debug|Any CPU
		Release|Any CPU = Release|Any CPU
	EndGlobalSection
	GlobalSection(ProjectConfigurationPlatforms) = postSolution
		{DF6FEB97-8FEF-4B8D-ACEE-EFA6DED77FD2}.Debug|Any CPU.ActiveCfg = Debug|Any CPU
		{DF6FEB97-8FEF-4B8D-ACEE-EFA6DED77FD2}.Debug|Any CPU.Build.0 = Debug|Any CPU
		{DF6FEB97-8FEF-4B8D-ACEE-EFA6DED77FD2}.Release|Any CPU.ActiveCfg = Release|Any CPU
		{DF6FEB97-8FEF-4B8D-ACEE-EFA6DED77FD2}.Release|Any CPU.Build.0 = Release|Any CPU
	EndGlobalSection
	GlobalSection(SolutionProperties) = preSolution
		HideSolutionNode = FALSE
	EndGlobalSection
	GlobalSection(ExtensibilityGlobals) = postSolution
		SolutionGuid = {7858FB54-C7B3-4CD9-A4D1-CD41C2F0CF60}
	EndGlobalSection
EndGlobal
