
Microsoft Visual Studio Solution File, Format Version 12.00
# Visual Studio Version 16
VisualStudioVersion = 16.0.32126.315
MinimumVisualStudioVersion = 10.0.40219.1
Project("{FAE04EC0-301F-11D3-BF4B-00C04F79EFBC}") = "NETCoreChallenge545", "NETCoreChallenge545\NETCoreChallenge545.csproj", "{8A141584-99C3-4B17-A16C-5052A58B455C}"
EndProject
Global
	GlobalSection(SolutionConfigurationPlatforms) = preSolution
		Debug|Any CPU = Debug|Any CPU
		Release|Any CPU = Release|Any CPU
	EndGlobalSection
	GlobalSection(ProjectConfigurationPlatforms) = postSolution
		{8A141584-99C3-4B17-A16C-5052A58B455C}.Debug|Any CPU.ActiveCfg = Debug|Any CPU
		{8A141584-99C3-4B17-A16C-5052A58B455C}.Debug|Any CPU.Build.0 = Debug|Any CPU
		{8A141584-99C3-4B17-A16C-5052A58B455C}.Release|Any CPU.ActiveCfg = Release|Any CPU
		{8A141584-99C3-4B17-A16C-5052A58B455C}.Release|Any CPU.Build.0 = Release|Any CPU
	EndGlobalSection
	GlobalSection(SolutionProperties) = preSolution
		HideSolutionNode = FALSE
	EndGlobalSection
	GlobalSection(ExtensibilityGlobals) = postSolution
		SolutionGuid = {922498BD-B809-49F6-AA16-19D9E82ED100}
	EndGlobalSection
EndGlobal
