
Microsoft Visual Studio Solution File, Format Version 12.00
# Visual Studio Version 16
VisualStudioVersion = 16.0.32126.315
MinimumVisualStudioVersion = 10.0.40219.1
Project("{FAE04EC0-301F-11D3-BF4B-00C04F79EFBC}") = "MVC", "MVC\MVC.csproj", "{5C36D5E6-37FC-4F53-A712-C2135C5C83EA}"
EndProject
Global
	GlobalSection(SolutionConfigurationPlatforms) = preSolution
		Debug|Any CPU = Debug|Any CPU
		Release|Any CPU = Release|Any CPU
	EndGlobalSection
	GlobalSection(ProjectConfigurationPlatforms) = postSolution
		{5C36D5E6-37FC-4F53-A712-C2135C5C83EA}.Debug|Any CPU.ActiveCfg = Debug|Any CPU
		{5C36D5E6-37FC-4F53-A712-C2135C5C83EA}.Debug|Any CPU.Build.0 = Debug|Any CPU
		{5C36D5E6-37FC-4F53-A712-C2135C5C83EA}.Release|Any CPU.ActiveCfg = Release|Any CPU
		{5C36D5E6-37FC-4F53-A712-C2135C5C83EA}.Release|Any CPU.Build.0 = Release|Any CPU
	EndGlobalSection
	GlobalSection(SolutionProperties) = preSolution
		HideSolutionNode = FALSE
	EndGlobalSection
	GlobalSection(ExtensibilityGlobals) = postSolution
		SolutionGuid = {11A7A8B9-ACF0-4FDC-A3B8-51FB3EA51CC6}
	EndGlobalSection
EndGlobal
